{
  "name": "vue-demo",
  "version": "1.0.0",
  "lockfileVersion": 1,
  "requires": true,
  "dependencies": {
    "@anatine/esbuild-decorators": {
      "version": "0.2.12",
      "resolved": "https://registry.nlark.com/@anatine/esbuild-decorators/download/@anatine/esbuild-decorators-0.2.12.tgz",
      "integrity": "sha1-jTypnraMOEInJmBs+wKKeAvpNeI=",
      "dev": true
    },
    "@vue/composition-api": {
      "version": "1.0.0-rc.13",
      "resolved": "https://registry.nlark.com/@vue/composition-api/download/@vue/composition-api-1.0.0-rc.13.tgz?cache=0&sync_timestamp=1625216480646&other_urls=https%3A%2F%2Fregistry.nlark.com%2F%40vue%2Fcomposition-api%2Fdownload%2F%40vue%2Fcomposition-api-1.0.0-rc.13.tgz",
      "integrity": "sha1-bLdo0FdbPAMboV4FsJ7L2XgNlBw=",
      "requires": {
        "tslib": "^2.3.0"
      }
    },
    "tslib": {
      "version": "2.3.0",
      "resolved": "https://registry.nlark.com/tslib/download/tslib-2.3.0.tgz",
      "integrity": "sha1-gDuM2rPhK6WBpMpByIObuw2ssJ4="
    },
    "typescript": {
      "version": "4.3.5",
      "resolved": "https://registry.nlark.com/typescript/download/typescript-4.3.5.tgz?cache=0&sync_timestamp=1625901282253&other_urls=https%3A%2F%2Fregistry.nlark.com%2Ftypescript%2Fdownload%2Ftypescript-4.3.5.tgz",
      "integrity": "sha1-TRw3zBbok5c8RaBohrcRMjTxGfQ="
    },
    "vue": {
      "version": "2.6.14",
      "resolved": "https://registry.nlark.com/vue/download/vue-2.6.14.tgz",
      "integrity": "sha1-5RqlJQJQ1Wmj+606ilpofWA24jU="
    },
    "vue-class-component": {
      "version": "7.2.6",
      "resolved": "https://registry.npm.taobao.org/vue-class-component/download/vue-class-component-7.2.6.tgz",
      "integrity": "sha1-hHHgN7jkdi9aRkaG4Z5a/HCFAuQ="
    },
    "vue-property-decorator": {
      "version": "9.1.2",
      "resolved": "https://registry.npm.taobao.org/vue-property-decorator/download/vue-property-decorator-9.1.2.tgz",
      "integrity": "sha1-JmourGG6ZSfi5oppM8+5j92rVFc="
    },
    "vue-tsx-support": {
      "version": "3.2.0",
      "resolved": "https://registry.nlark.com/vue-tsx-support/download/vue-tsx-support-3.2.0.tgz",
      "integrity": "sha1-Z4t+zElHO/dDvnhIL47a0DMVNsA="
    }
  }
}
